
Microsoft Visual Studio Solution File, Format Version 12.00
# Visual Studio Version 17
VisualStudioVersion = 17.5.33530.505
MinimumVisualStudioVersion = 10.0.40219.1
Project("{9A19103F-16F7-4668-BE54-9A1E7A4F7556}") = "NEARegLib.Tests", "NEARegLib.Test\NEARegLib.Tests.csproj", "{5C525638-B345-4E0F-B01C-B69BB89C2500}"
EndProject
Project("{9A19103F-16F7-4668-BE54-9A1E7A4F7556}") = "NEARegLib.Lib", "NEARegLib.Lib\NEARegLib.Lib.csproj", "{C93A0D3F-B05C-4C4A-8773-4EEC91B873AF}"
EndProject
Project("{FAE04EC0-301F-11D3-BF4B-00C04F79EFBC}") = "NEARegLib.Example", "NEARegLib.Example\NEARegLib.Example.csproj", "{35F5D999-7763-4A53-A002-D6173A71D4CC}"
EndProject
Global
	GlobalSection(SolutionConfigurationPlatforms) = preSolution
		Debug|Any CPU = Debug|Any CPU
		Release|Any CPU = Release|Any CPU
	EndGlobalSection
	GlobalSection(ProjectConfigurationPlatforms) = postSolution
		{5C525638-B345-4E0F-B01C-B69BB89C2500}.Debug|Any CPU.ActiveCfg = Debug|Any CPU
		{5C525638-B345-4E0F-B01C-B69BB89C2500}.Debug|Any CPU.Build.0 = Debug|Any CPU
		{5C525638-B345-4E0F-B01C-B69BB89C2500}.Release|Any CPU.ActiveCfg = Release|Any CPU
		{5C525638-B345-4E0F-B01C-B69BB89C2500}.Release|Any CPU.Build.0 = Release|Any CPU
		{C93A0D3F-B05C-4C4A-8773-4EEC91B873AF}.Debug|Any CPU.ActiveCfg = Debug|Any CPU
		{C93A0D3F-B05C-4C4A-8773-4EEC91B873AF}.Debug|Any CPU.Build.0 = Debug|Any CPU
		{C93A0D3F-B05C-4C4A-8773-4EEC91B873AF}.Release|Any CPU.ActiveCfg = Release|Any CPU
		{C93A0D3F-B05C-4C4A-8773-4EEC91B873AF}.Release|Any CPU.Build.0 = Release|Any CPU
		{35F5D999-7763-4A53-A002-D6173A71D4CC}.Debug|Any CPU.ActiveCfg = Debug|Any CPU
		{35F5D999-7763-4A53-A002-D6173A71D4CC}.Debug|Any CPU.Build.0 = Debug|Any CPU
		{35F5D999-7763-4A53-A002-D6173A71D4CC}.Release|Any CPU.ActiveCfg = Release|Any CPU
		{35F5D999-7763-4A53-A002-D6173A71D4CC}.Release|Any CPU.Build.0 = Release|Any CPU
	EndGlobalSection
	GlobalSection(SolutionProperties) = preSolution
		HideSolutionNode = FALSE
	EndGlobalSection
	GlobalSection(ExtensibilityGlobals) = postSolution
		SolutionGuid = {B9ACCE8F-BD03-4733-B4A1-41B9AABD9068}
	EndGlobalSection
EndGlobal
